{
  "name": "spark",
  "lockfileVersion": 3,
  "requires": true,
  "packages": {
    "": {
      "devDependencies": {
        "@hazae41/stdbob": "^0.1.3",
        "assemblyscript": "^0.28.9",
        "deno": "^2.6.8",
        "typescript": "^5.9.3"
      }
    },
    "node_modules/@deno/darwin-arm64": {
      "version": "2.6.8",
      "resolved": "https://registry.npmjs.org/@deno/darwin-arm64/-/darwin-arm64-2.6.8.tgz",
      "integrity": "sha512-Q3STbV/+nr+xhL/bD4Av+yg5XNGuhTdTay4b0q0wU5GLlcwMsNXQ1mjrfT9CKdG/VuF30a8wE/u/sIq7bZsViQ==",
      "cpu": [
        "arm64"
      ],
      "dev": true,
      "license": "MIT",
      "optional": true,
      "os": [
        "darwin"
      ]
    },
    "node_modules/@deno/darwin-x64": {
      "version": "2.6.8",
      "resolved": "https://registry.npmjs.org/@deno/darwin-x64/-/darwin-x64-2.6.8.tgz",
      "integrity": "sha512-buz9Ncv/hQYUwcHIrv0g7fIKZWoO1OOfInVB9XK35hteOuknzOaN+X0uFI/idOyae6HqVKG31S2Wk5N99mSJ1g==",
      "cpu": [
        "x64"
      ],
      "dev": true,
      "license": "MIT",
      "optional": true,
      "os": [
        "darwin"
      ]
    },
    "node_modules/@deno/linux-arm64-glibc": {
      "version": "2.6.8",
      "resolved": "https://registry.npmjs.org/@deno/linux-arm64-glibc/-/linux-arm64-glibc-2.6.8.tgz",
      "integrity": "sha512-U/jmXKFnbD0VnCuqISf8lbYp9RxRVO8vgSPdLHaUU4+VFCPx2nO3NPGJO1cZvHobTAsE0CzCH+21AyA/7S1V9g==",
      "cpu": [
        "arm64"
      ],
      "dev": true,
      "license": "MIT",
      "optional": true,
      "os": [
        "linux"
      ]
    },
    "node_modules/@deno/linux-x64-glibc": {
      "version": "2.6.8",
      "resolved": "https://registry.npmjs.org/@deno/linux-x64-glibc/-/linux-x64-glibc-2.6.8.tgz",
      "integrity": "sha512-oY6qIbyrEHt+rzk7oHJ8KZgJ3mOQ1econRWcXlm/wOXORVDn7l9rEoY0vlOf4Qvv22tPTD5Jn1bxm6WBZBXmog==",
      "cpu": [
        "x64"
      ],
      "dev": true,
      "license": "MIT",
      "optional": true,
      "os": [
        "linux"
      ]
    },
    "node_modules/@deno/win32-arm64": {
      "version": "2.6.8",
      "resolved": "https://registry.npmjs.org/@deno/win32-arm64/-/win32-arm64-2.6.8.tgz",
      "integrity": "sha512-Zt5/R64VSuDyWsVBLTYH7BpxtdVwxUGyL2AMteSm45a+i1zaEbpwzJ0/lZM/TrBXIohu5+CRm/NKUPrGkkZAAA==",
      "cpu": [
        "arm64"
      ],
      "dev": true,
      "license": "MIT",
      "optional": true,
      "os": [
        "win32"
      ]
    },
    "node_modules/@deno/win32-x64": {
      "version": "2.6.8",
      "resolved": "https://registry.npmjs.org/@deno/win32-x64/-/win32-x64-2.6.8.tgz",
      "integrity": "sha512-gHI1K9vmCT+gtJlYnCLl1pBdqOwBoQs2E2e6MGtL0ncrU7VqOiZ3jD3f2QZnnsfZEhj/khSIjkVlTMIUSZtIcg==",
      "cpu": [
        "x64"
      ],
      "dev": true,
      "license": "MIT",
      "optional": true,
      "os": [
        "win32"
      ]
    },
    "node_modules/@hazae41/stdbob": {
      "version": "0.1.3",
      "resolved": "https://registry.npmjs.org/@hazae41/stdbob/-/stdbob-0.1.3.tgz",
      "integrity": "sha512-xeoIudddbO4QHpiDNPBJMsCXS0QY1hrThZjqm2sK0wI9H3JRsd9YcPbA4uFwb8cuxoSn1MuDOS2EZnMW7r50LA==",
      "dev": true,
      "license": "MIT"
    },
    "node_modules/assemblyscript": {
      "version": "0.28.9",
      "dev": true,
      "license": "Apache-2.0",
      "dependencies": {
        "binaryen": "123.0.0-nightly.20250530",
        "long": "^5.2.4"
      },
      "bin": {
        "asc": "bin/asc.js",
        "asinit": "bin/asinit.js"
      },
      "engines": {
        "node": ">=20",
        "npm": ">=10"
      },
      "funding": {
        "type": "opencollective",
        "url": "https://opencollective.com/assemblyscript"
      }
    },
    "node_modules/binaryen": {
      "version": "123.0.0-nightly.20250530",
      "dev": true,
      "license": "Apache-2.0",
      "bin": {
        "wasm-as": "bin/wasm-as",
        "wasm-ctor-eval": "bin/wasm-ctor-eval",
        "wasm-dis": "bin/wasm-dis",
        "wasm-merge": "bin/wasm-merge",
        "wasm-metadce": "bin/wasm-metadce",
        "wasm-opt": "bin/wasm-opt",
        "wasm-reduce": "bin/wasm-reduce",
        "wasm-shell": "bin/wasm-shell",
        "wasm2js": "bin/wasm2js"
      }
    },
    "node_modules/deno": {
      "version": "2.6.8",
      "resolved": "https://registry.npmjs.org/deno/-/deno-2.6.8.tgz",
      "integrity": "sha512-eJ+D9eu4YUtfec3F4nFRK06TKrGH+S8BasyqKIi2vKD11fI5kmgjYu08B4eheyQrfHj5hjGvB/dCdkfsAlsLzA==",
      "dev": true,
      "hasInstallScript": true,
      "license": "MIT",
      "bin": {
        "deno": "bin.cjs"
      },
      "optionalDependencies": {
        "@deno/darwin-arm64": "2.6.8",
        "@deno/darwin-x64": "2.6.8",
        "@deno/linux-arm64-glibc": "2.6.8",
        "@deno/linux-x64-glibc": "2.6.8",
        "@deno/win32-arm64": "2.6.8",
        "@deno/win32-x64": "2.6.8"
      }
    },
    "node_modules/long": {
      "version": "5.3.2",
      "dev": true,
      "license": "Apache-2.0"
    },
    "node_modules/typescript": {
      "version": "5.9.3",
      "dev": true,
      "license": "Apache-2.0",
      "bin": {
        "tsc": "bin/tsc",
        "tsserver": "bin/tsserver"
      },
      "engines": {
        "node": ">=14.17"
      }
    }
  }
}
