{
  "name": "ed25519",
  "lockfileVersion": 3,
  "requires": true,
  "packages": {
    "": {
      "devDependencies": {
        "@hazae41/stdbob": "^0.0.19",
        "assemblyscript": "^0.28.9",
        "deno": "^2.6.3",
        "typescript": "^5.9.3"
      }
    },
    "node_modules/@deno/darwin-arm64": {
      "version": "2.6.3",
      "resolved": "https://registry.npmjs.org/@deno/darwin-arm64/-/darwin-arm64-2.6.3.tgz",
      "integrity": "sha512-HnmC8MR1ZN8nT7f74GpTHsjK2cH1nmTvAt3fqwuw8Vu7BNYJzk5C9Ba1d3y62Du4PtC8b8zhtGFuHeKyg8Xw3g==",
      "cpu": [
        "arm64"
      ],
      "dev": true,
      "license": "MIT",
      "optional": true,
      "os": [
        "darwin"
      ]
    },
    "node_modules/@deno/darwin-x64": {
      "version": "2.6.3",
      "resolved": "https://registry.npmjs.org/@deno/darwin-x64/-/darwin-x64-2.6.3.tgz",
      "integrity": "sha512-vdtekIcP9H6gPE8+q4Rtbfvva66mC71Kf6ZMzxbhaThGYwrfhQUmw5lYafrxK64A1jdMpUN1QKuNveqMbj/PQQ==",
      "cpu": [
        "x64"
      ],
      "dev": true,
      "license": "MIT",
      "optional": true,
      "os": [
        "darwin"
      ]
    },
    "node_modules/@deno/linux-arm64-glibc": {
      "version": "2.6.3",
      "resolved": "https://registry.npmjs.org/@deno/linux-arm64-glibc/-/linux-arm64-glibc-2.6.3.tgz",
      "integrity": "sha512-2H8s7GJOVEe8PDpL36ajwF5ev/g9nTa1w+JaBqhYsxt5bO6j2lLkzB3HTn4fGwoXVK6BX8TTo2iCymlmLfVWXg==",
      "cpu": [
        "arm64"
      ],
      "dev": true,
      "license": "MIT",
      "optional": true,
      "os": [
        "linux"
      ]
    },
    "node_modules/@deno/linux-x64-glibc": {
      "version": "2.6.3",
      "resolved": "https://registry.npmjs.org/@deno/linux-x64-glibc/-/linux-x64-glibc-2.6.3.tgz",
      "integrity": "sha512-pL+HFzKRMf1IOubB2Ikd/MY2xFQ+/UEh6BSgzf3zQGuIo0mkzAfs6V0pMi3KU6bNHsdqoKLto9S2gZoY2JfjVg==",
      "cpu": [
        "x64"
      ],
      "dev": true,
      "license": "MIT",
      "optional": true,
      "os": [
        "linux"
      ]
    },
    "node_modules/@deno/win32-arm64": {
      "version": "2.6.3",
      "resolved": "https://registry.npmjs.org/@deno/win32-arm64/-/win32-arm64-2.6.3.tgz",
      "integrity": "sha512-pKzxQjbdpXHzONvrPj2rsccP45z11R7JIznYzzcCdAHCAAtttB6448m6Y8iYHbFPO8zB8HeYK9McPRCPxCTqKg==",
      "cpu": [
        "arm64"
      ],
      "dev": true,
      "license": "MIT",
      "optional": true,
      "os": [
        "win32"
      ]
    },
    "node_modules/@deno/win32-x64": {
      "version": "2.6.3",
      "resolved": "https://registry.npmjs.org/@deno/win32-x64/-/win32-x64-2.6.3.tgz",
      "integrity": "sha512-zTyL9qn3KZx5EUPnYFl2BzUhErtzWSvyzZcHzTOGYR7P39vLtWE0YlCeNIutGZmyomwAIvK+98KV4YMB7kggmw==",
      "cpu": [
        "x64"
      ],
      "dev": true,
      "license": "MIT",
      "optional": true,
      "os": [
        "win32"
      ]
    },
    "node_modules/@hazae41/stdbob": {
      "version": "0.0.19",
      "resolved": "https://registry.npmjs.org/@hazae41/stdbob/-/stdbob-0.0.19.tgz",
      "integrity": "sha512-NLBgGa3H1ibU15Yj6+VBBTDPzcILIMEW6vTqJXC6O2Q1fXTJOAdWCG0kWP7MWw8N/4mmHj8RZOuntuqDX8ArEA==",
      "dev": true,
      "license": "MIT"
    },
    "node_modules/assemblyscript": {
      "version": "0.28.9",
      "dev": true,
      "license": "Apache-2.0",
      "dependencies": {
        "binaryen": "123.0.0-nightly.20250530",
        "long": "^5.2.4"
      },
      "bin": {
        "asc": "bin/asc.js",
        "asinit": "bin/asinit.js"
      },
      "engines": {
        "node": ">=20",
        "npm": ">=10"
      },
      "funding": {
        "type": "opencollective",
        "url": "https://opencollective.com/assemblyscript"
      }
    },
    "node_modules/binaryen": {
      "version": "123.0.0-nightly.20250530",
      "dev": true,
      "license": "Apache-2.0",
      "bin": {
        "wasm-as": "bin/wasm-as",
        "wasm-ctor-eval": "bin/wasm-ctor-eval",
        "wasm-dis": "bin/wasm-dis",
        "wasm-merge": "bin/wasm-merge",
        "wasm-metadce": "bin/wasm-metadce",
        "wasm-opt": "bin/wasm-opt",
        "wasm-reduce": "bin/wasm-reduce",
        "wasm-shell": "bin/wasm-shell",
        "wasm2js": "bin/wasm2js"
      }
    },
    "node_modules/deno": {
      "version": "2.6.3",
      "resolved": "https://registry.npmjs.org/deno/-/deno-2.6.3.tgz",
      "integrity": "sha512-5fNkOLa7wagUFgQaF6WEu5zJuxIdIogn7IvuYvjVaA2CHrW117p5l7Y6GS0ZYvBJZgeugf/l0VCWQ7TpYGcMPQ==",
      "dev": true,
      "hasInstallScript": true,
      "license": "MIT",
      "bin": {
        "deno": "bin.cjs"
      },
      "optionalDependencies": {
        "@deno/darwin-arm64": "2.6.3",
        "@deno/darwin-x64": "2.6.3",
        "@deno/linux-arm64-glibc": "2.6.3",
        "@deno/linux-x64-glibc": "2.6.3",
        "@deno/win32-arm64": "2.6.3",
        "@deno/win32-x64": "2.6.3"
      }
    },
    "node_modules/long": {
      "version": "5.3.2",
      "dev": true,
      "license": "Apache-2.0"
    },
    "node_modules/typescript": {
      "version": "5.9.3",
      "dev": true,
      "license": "Apache-2.0",
      "bin": {
        "tsc": "bin/tsc",
        "tsserver": "bin/tsserver"
      },
      "engines": {
        "node": ">=14.17"
      }
    }
  }
}
