{
  "version": "5",
  "specifiers": {
    "npm:@hazae41/binary@^2.0.2": "2.0.2"
  },
  "npm": {
    "@hazae41/binary@2.0.2": {
      "integrity": "sha512-i3YvoVECHiDoZ7n3XEMruIZYoikNEbTCjR/x7mWeg9rWpQMVNHIK+olYDvSBbxdJDSySSV/mRYOZBNfPataqYA==",
      "dependencies": [
        "@hazae41/cursor"
      ]
    },
    "@hazae41/cursor@2.1.3": {
      "integrity": "sha512-y6q7idwrgLMjWbc8imuqQ+dB7E/Qf+kHQ0WdUOONi7bgsbygBhtcDmaDw2S5SQihmASprYR7Waa7nvu3iJqFsw==",
      "dependencies": [
        "@hazae41/lengthed"
      ]
    },
    "@hazae41/lengthed@1.0.1": {
      "integrity": "sha512-5AizA8BmPDCSQ0H2V6DeEcrqTxQvjvgBA3bKH6sPpFjOc+dRRTqe1XTUc4h1WmnpaIg9taF//J/H2VVhZG5Tyw=="
    }
  },
  "workspace": {
    "dependencies": [
      "npm:@hazae41/binary@^2.0.2",
      "npm:@hazae41/cursor@^2.1.3"
    ]
  }
}
